// !$*UTF8*$!
{
	archiveVersion = 1;
	classes = {
	};
	objectVersion = 50;
	objects = {

/* Begin PBXBuildFile section */
		1261538A2358C6190043C651 /* MyTableViewCell.swift in Sources */ = {isa = PBXBuildFile; fileRef = 126153892358C6190043C651 /* MyTableViewCell.swift */; };
		1261538C2358D08C0043C651 /* NetworkManager.swift in Sources */ = {isa = PBXBuildFile; fileRef = 1261538B2358D08C0043C651 /* NetworkManager.swift */; };
		1261538F2358D1FC0043C651 /* NetworkModels.swift in Sources */ = {isa = PBXBuildFile; fileRef = 1261538E2358D1FC0043C651 /* NetworkModels.swift */; };
		126153992358ECDF0043C651 /* Cell.xib in Resources */ = {isa = PBXBuildFile; fileRef = 126153982358ECDF0043C651 /* Cell.xib */; };
		12E6BD022358A01D00DCF91C /* AppDelegate.swift in Sources */ = {isa = PBXBuildFile; fileRef = 12E6BD012358A01D00DCF91C /* AppDelegate.swift */; };
		12E6BD062358A01D00DCF91C /* ViewController.swift in Sources */ = {isa = PBXBuildFile; fileRef = 12E6BD052358A01D00DCF91C /* ViewController.swift */; };
		12E6BD092358A01D00DCF91C /* Main.storyboard in Resources */ = {isa = PBXBuildFile; fileRef = 12E6BD072358A01D00DCF91C /* Main.storyboard */; };
		12E6BD0B2358A02100DCF91C /* Assets.xcassets in Resources */ = {isa = PBXBuildFile; fileRef = 12E6BD0A2358A02100DCF91C /* Assets.xcassets */; };
		12E6BD0E2358A02100DCF91C /* LaunchScreen.storyboard in Resources */ = {isa = PBXBuildFile; fileRef = 12E6BD0C2358A02100DCF91C /* LaunchScreen.storyboard */; };
		12E6BD162358A13F00DCF91C /* Constants.swift in Sources */ = {isa = PBXBuildFile; fileRef = 12E6BD152358A13F00DCF91C /* Constants.swift */; };
		12E6BD1B2358BF9600DCF91C /* TableViewViewModelType.swift in Sources */ = {isa = PBXBuildFile; fileRef = 12E6BD1A2358BF9600DCF91C /* TableViewViewModelType.swift */; };
		12E6BD1D2358BFC900DCF91C /* TableViewModel.swift in Sources */ = {isa = PBXBuildFile; fileRef = 12E6BD1C2358BFC900DCF91C /* TableViewModel.swift */; };
		12E6BD1F2358C12900DCF91C /* OAuthViewController.swift in Sources */ = {isa = PBXBuildFile; fileRef = 12E6BD1E2358C12900DCF91C /* OAuthViewController.swift */; };
/* End PBXBuildFile section */

/* Begin PBXFileReference section */
		126153892358C6190043C651 /* MyTableViewCell.swift */ = {isa = PBXFileReference; lastKnownFileType = sourcecode.swift; path = MyTableViewCell.swift; sourceTree = "<group>"; };
		1261538B2358D08C0043C651 /* NetworkManager.swift */ = {isa = PBXFileReference; lastKnownFileType = sourcecode.swift; path = NetworkManager.swift; sourceTree = "<group>"; };
		1261538E2358D1FC0043C651 /* NetworkModels.swift */ = {isa = PBXFileReference; lastKnownFileType = sourcecode.swift; path = NetworkModels.swift; sourceTree = "<group>"; };
		126153982358ECDF0043C651 /* Cell.xib */ = {isa = PBXFileReference; lastKnownFileType = file.xib; path = Cell.xib; sourceTree = "<group>"; };
		12E6BCFE2358A01D00DCF91C /* GitHubApp.app */ = {isa = PBXFileReference; explicitFileType = wrapper.application; includeInIndex = 0; path = GitHubApp.app; sourceTree = BUILT_PRODUCTS_DIR; };
		12E6BD012358A01D00DCF91C /* AppDelegate.swift */ = {isa = PBXFileReference; lastKnownFileType = sourcecode.swift; path = AppDelegate.swift; sourceTree = "<group>"; };
		12E6BD052358A01D00DCF91C /* ViewController.swift */ = {isa = PBXFileReference; lastKnownFileType = sourcecode.swift; path = ViewController.swift; sourceTree = "<group>"; };
		12E6BD082358A01D00DCF91C /* Base */ = {isa = PBXFileReference; lastKnownFileType = file.storyboard; name = Base; path = Base.lproj/Main.storyboard; sourceTree = "<group>"; };
		12E6BD0A2358A02100DCF91C /* Assets.xcassets */ = {isa = PBXFileReference; lastKnownFileType = folder.assetcatalog; path = Assets.xcassets; sourceTree = "<group>"; };
		12E6BD0D2358A02100DCF91C /* Base */ = {isa = PBXFileReference; lastKnownFileType = file.storyboard; name = Base; path = Base.lproj/LaunchScreen.storyboard; sourceTree = "<group>"; };
		12E6BD0F2358A02100DCF91C /* Info.plist */ = {isa = PBXFileReference; lastKnownFileType = text.plist.xml; path = Info.plist; sourceTree = "<group>"; };
		12E6BD152358A13F00DCF91C /* Constants.swift */ = {isa = PBXFileReference; lastKnownFileType = sourcecode.swift; path = Constants.swift; sourceTree = "<group>"; };
		12E6BD1A2358BF9600DCF91C /* TableViewViewModelType.swift */ = {isa = PBXFileReference; lastKnownFileType = sourcecode.swift; path = TableViewViewModelType.swift; sourceTree = "<group>"; };
		12E6BD1C2358BFC900DCF91C /* TableViewModel.swift */ = {isa = PBXFileReference; lastKnownFileType = sourcecode.swift; path = TableViewModel.swift; sourceTree = "<group>"; };
		12E6BD1E2358C12900DCF91C /* OAuthViewController.swift */ = {isa = PBXFileReference; lastKnownFileType = sourcecode.swift; path = OAuthViewController.swift; sourceTree = "<group>"; };
/* End PBXFileReference section */

/* Begin PBXFrameworksBuildPhase section */
		12E6BCFB2358A01D00DCF91C /* Frameworks */ = {
			isa = PBXFrameworksBuildPhase;
			buildActionMask = 2147483647;
			files = (
			);
			runOnlyForDeploymentPostprocessing = 0;
		};
/* End PBXFrameworksBuildPhase section */

/* Begin PBXGroup section */
		1261538D2358D1EE0043C651 /* Models */ = {
			isa = PBXGroup;
			children = (
				1261538E2358D1FC0043C651 /* NetworkModels.swift */,
			);
			path = Models;
			sourceTree = "<group>";
		};
		12E6BCF52358A01D00DCF91C = {
			isa = PBXGroup;
			children = (
				12E6BD002358A01D00DCF91C /* GitHubApp */,
				12E6BCFF2358A01D00DCF91C /* Products */,
			);
			sourceTree = "<group>";
		};
		12E6BCFF2358A01D00DCF91C /* Products */ = {
			isa = PBXGroup;
			children = (
				12E6BCFE2358A01D00DCF91C /* GitHubApp.app */,
			);
			name = Products;
			sourceTree = "<group>";
		};
		12E6BD002358A01D00DCF91C /* GitHubApp */ = {
			isa = PBXGroup;
			children = (
				12E6BD012358A01D00DCF91C /* AppDelegate.swift */,
				1261538B2358D08C0043C651 /* NetworkManager.swift */,
				12E6BD072358A01D00DCF91C /* Main.storyboard */,
				1261538D2358D1EE0043C651 /* Models */,
				12E6BD192358BF0200DCF91C /* Views */,
				12E6BD182358BEF600DCF91C /* ViewModels */,
				12E6BD172358BEED00DCF91C /* Protocols */,
				12E6BD0A2358A02100DCF91C /* Assets.xcassets */,
				12E6BD0C2358A02100DCF91C /* LaunchScreen.storyboard */,
				12E6BD0F2358A02100DCF91C /* Info.plist */,
				12E6BD152358A13F00DCF91C /* Constants.swift */,
			);
			path = GitHubApp;
			sourceTree = "<group>";
		};
		12E6BD172358BEED00DCF91C /* Protocols */ = {
			isa = PBXGroup;
			children = (
				12E6BD1A2358BF9600DCF91C /* TableViewViewModelType.swift */,
			);
			path = Protocols;
			sourceTree = "<group>";
		};
		12E6BD182358BEF600DCF91C /* ViewModels */ = {
			isa = PBXGroup;
			children = (
				12E6BD1C2358BFC900DCF91C /* TableViewModel.swift */,
				12E6BD1E2358C12900DCF91C /* OAuthViewController.swift */,
			);
			path = ViewModels;
			sourceTree = "<group>";
		};
		12E6BD192358BF0200DCF91C /* Views */ = {
			isa = PBXGroup;
			children = (
				12E6BD052358A01D00DCF91C /* ViewController.swift */,
				126153892358C6190043C651 /* MyTableViewCell.swift */,
				126153982358ECDF0043C651 /* Cell.xib */,
			);
			path = Views;
			sourceTree = "<group>";
		};
/* End PBXGroup section */

/* Begin PBXNativeTarget section */
		12E6BCFD2358A01D00DCF91C /* GitHubApp */ = {
			isa = PBXNativeTarget;
			buildConfigurationList = 12E6BD122358A02100DCF91C /* Build configuration list for PBXNativeTarget "GitHubApp" */;
			buildPhases = (
				12E6BCFA2358A01D00DCF91C /* Sources */,
				12E6BCFB2358A01D00DCF91C /* Frameworks */,
				12E6BCFC2358A01D00DCF91C /* Resources */,
			);
			buildRules = (
			);
			dependencies = (
			);
			name = GitHubApp;
			productName = GitHubApp;
			productReference = 12E6BCFE2358A01D00DCF91C /* GitHubApp.app */;
			productType = "com.apple.product-type.application";
		};
/* End PBXNativeTarget section */

/* Begin PBXProject section */
		12E6BCF62358A01D00DCF91C /* Project object */ = {
			isa = PBXProject;
			attributes = {
				LastSwiftUpdateCheck = 1110;
				LastUpgradeCheck = 1110;
				ORGANIZATIONNAME = Tianid;
				TargetAttributes = {
					12E6BCFD2358A01D00DCF91C = {
						CreatedOnToolsVersion = 11.1;
					};
				};
			};
			buildConfigurationList = 12E6BCF92358A01D00DCF91C /* Build configuration list for PBXProject "GitHubApp" */;
			compatibilityVersion = "Xcode 9.3";
			developmentRegion = en;
			hasScannedForEncodings = 0;
			knownRegions = (
				en,
				Base,
			);
			mainGroup = 12E6BCF52358A01D00DCF91C;
			productRefGroup = 12E6BCFF2358A01D00DCF91C /* Products */;
			projectDirPath = "";
			projectRoot = "";
			targets = (
				12E6BCFD2358A01D00DCF91C /* GitHubApp */,
			);
		};
/* End PBXProject section */

/* Begin PBXResourcesBuildPhase section */
		12E6BCFC2358A01D00DCF91C /* Resources */ = {
			isa = PBXResourcesBuildPhase;
			buildActionMask = 2147483647;
			files = (
				12E6BD0E2358A02100DCF91C /* LaunchScreen.storyboard in Resources */,
				126153992358ECDF0043C651 /* Cell.xib in Resources */,
				12E6BD0B2358A02100DCF91C /* Assets.xcassets in Resources */,
				12E6BD092358A01D00DCF91C /* Main.storyboard in Resources */,
			);
			runOnlyForDeploymentPostprocessing = 0;
		};
/* End PBXResourcesBuildPhase section */

/* Begin PBXSourcesBuildPhase section */
		12E6BCFA2358A01D00DCF91C /* Sources */ = {
			isa = PBXSourcesBuildPhase;
			buildActionMask = 2147483647;
			files = (
				1261538A2358C6190043C651 /* MyTableViewCell.swift in Sources */,
				12E6BD1B2358BF9600DCF91C /* TableViewViewModelType.swift in Sources */,
				12E6BD1D2358BFC900DCF91C /* TableViewModel.swift in Sources */,
				12E6BD062358A01D00DCF91C /* ViewController.swift in Sources */,
				1261538F2358D1FC0043C651 /* NetworkModels.swift in Sources */,
				1261538C2358D08C0043C651 /* NetworkManager.swift in Sources */,
				12E6BD022358A01D00DCF91C /* AppDelegate.swift in Sources */,
				12E6BD1F2358C12900DCF91C /* OAuthViewController.swift in Sources */,
				12E6BD162358A13F00DCF91C /* Constants.swift in Sources */,
			);
			runOnlyForDeploymentPostprocessing = 0;
		};
/* End PBXSourcesBuildPhase section */

/* Begin PBXVariantGroup section */
		12E6BD072358A01D00DCF91C /* Main.storyboard */ = {
			isa = PBXVariantGroup;
			children = (
				12E6BD082358A01D00DCF91C /* Base */,
			);
			name = Main.storyboard;
			sourceTree = "<group>";
		};
		12E6BD0C2358A02100DCF91C /* LaunchScreen.storyboard */ = {
			isa = PBXVariantGroup;
			children = (
				12E6BD0D2358A02100DCF91C /* Base */,
			);
			name = LaunchScreen.storyboard;
			sourceTree = "<group>";
		};
/* End PBXVariantGroup section */

/* Begin XCBuildConfiguration section */
		12E6BD102358A02100DCF91C /* Debug */ = {
			isa = XCBuildConfiguration;
			buildSettings = {
				ALWAYS_SEARCH_USER_PATHS = NO;
				CLANG_ANALYZER_NONNULL = YES;
				CLANG_ANALYZER_NUMBER_OBJECT_CONVERSION = YES_AGGRESSIVE;
				CLANG_CXX_LANGUAGE_STANDARD = "gnu++14";
				CLANG_CXX_LIBRARY = "libc++";
				CLANG_ENABLE_MODULES = YES;
				CLANG_ENABLE_OBJC_ARC = YES;
				CLANG_ENABLE_OBJC_WEAK = YES;
				CLANG_WARN_BLOCK_CAPTURE_AUTORELEASING = YES;
				CLANG_WARN_BOOL_CONVERSION = YES;
				CLANG_WARN_COMMA = YES;
				CLANG_WARN_CONSTANT_CONVERSION = YES;
				CLANG_WARN_DEPRECATED_OBJC_IMPLEMENTATIONS = YES;
				CLANG_WARN_DIRECT_OBJC_ISA_USAGE = YES_ERROR;
				CLANG_WARN_DOCUMENTATION_COMMENTS = YES;
				CLANG_WARN_EMPTY_BODY = YES;
				CLANG_WARN_ENUM_CONVERSION = YES;
				CLANG_WARN_INFINITE_RECURSION = YES;
				CLANG_WARN_INT_CONVERSION = YES;
				CLANG_WARN_NON_LITERAL_NULL_CONVERSION = YES;
				CLANG_WARN_OBJC_IMPLICIT_RETAIN_SELF = YES;
				CLANG_WARN_OBJC_LITERAL_CONVERSION = YES;
				CLANG_WARN_OBJC_ROOT_CLASS = YES_ERROR;
				CLANG_WARN_RANGE_LOOP_ANALYSIS = YES;
				CLANG_WARN_STRICT_PROTOTYPES = YES;
				CLANG_WARN_SUSPICIOUS_MOVE = YES;
				CLANG_WARN_UNGUARDED_AVAILABILITY = YES_AGGRESSIVE;
				CLANG_WARN_UNREACHABLE_CODE = YES;
				CLANG_WARN__DUPLICATE_METHOD_MATCH = YES;
				COPY_PHASE_STRIP = NO;
				DEBUG_INFORMATION_FORMAT = dwarf;
				ENABLE_STRICT_OBJC_MSGSEND = YES;
				ENABLE_TESTABILITY = YES;
				GCC_C_LANGUAGE_STANDARD = gnu11;
				GCC_DYNAMIC_NO_PIC = NO;
				GCC_NO_COMMON_BLOCKS = YES;
				GCC_OPTIMIZATION_LEVEL = 0;
				GCC_PREPROCESSOR_DEFINITIONS = (
					"DEBUG=1",
					"$(inherited)",
				);
				GCC_WARN_64_TO_32_BIT_CONVERSION = YES;
				GCC_WARN_ABOUT_RETURN_TYPE = YES_ERROR;
				GCC_WARN_UNDECLARED_SELECTOR = YES;
				GCC_WARN_UNINITIALIZED_AUTOS = YES_AGGRESSIVE;
				GCC_WARN_UNUSED_FUNCTION = YES;
				GCC_WARN_UNUSED_VARIABLE = YES;
				IPHONEOS_DEPLOYMENT_TARGET = 12.1;
				MTL_ENABLE_DEBUG_INFO = INCLUDE_SOURCE;
				MTL_FAST_MATH = YES;
				ONLY_ACTIVE_ARCH = YES;
				SDKROOT = iphoneos;
				SWIFT_ACTIVE_COMPILATION_CONDITIONS = DEBUG;
				SWIFT_OPTIMIZATION_LEVEL = "-Onone";
			};
			name = Debug;
		};
		12E6BD112358A02100DCF91C /* Release */ = {
			isa = XCBuildConfiguration;
			buildSettings = {
				ALWAYS_SEARCH_USER_PATHS = NO;
				CLANG_ANALYZER_NONNULL = YES;
				CLANG_ANALYZER_NUMBER_OBJECT_CONVERSION = YES_AGGRESSIVE;
				CLANG_CXX_LANGUAGE_STANDARD = "gnu++14";
				CLANG_CXX_LIBRARY = "libc++";
				CLANG_ENABLE_MODULES = YES;
				CLANG_ENABLE_OBJC_ARC = YES;
				CLANG_ENABLE_OBJC_WEAK = YES;
				CLANG_WARN_BLOCK_CAPTURE_AUTORELEASING = YES;
				CLANG_WARN_BOOL_CONVERSION = YES;
				CLANG_WARN_COMMA = YES;
				CLANG_WARN_CONSTANT_CONVERSION = YES;
				CLANG_WARN_DEPRECATED_OBJC_IMPLEMENTATIONS = YES;
				CLANG_WARN_DIRECT_OBJC_ISA_USAGE = YES_ERROR;
				CLANG_WARN_DOCUMENTATION_COMMENTS = YES;
				CLANG_WARN_EMPTY_BODY = YES;
				CLANG_WARN_ENUM_CONVERSION = YES;
				CLANG_WARN_INFINITE_RECURSION = YES;
				CLANG_WARN_INT_CONVERSION = YES;
				CLANG_WARN_NON_LITERAL_NULL_CONVERSION = YES;
				CLANG_WARN_OBJC_IMPLICIT_RETAIN_SELF = YES;
				CLANG_WARN_OBJC_LITERAL_CONVERSION = YES;
				CLANG_WARN_OBJC_ROOT_CLASS = YES_ERROR;
				CLANG_WARN_RANGE_LOOP_ANALYSIS = YES;
				CLANG_WARN_STRICT_PROTOTYPES = YES;
				CLANG_WARN_SUSPICIOUS_MOVE = YES;
				CLANG_WARN_UNGUARDED_AVAILABILITY = YES_AGGRESSIVE;
				CLANG_WARN_UNREACHABLE_CODE = YES;
				CLANG_WARN__DUPLICATE_METHOD_MATCH = YES;
				COPY_PHASE_STRIP = NO;
				DEBUG_INFORMATION_FORMAT = "dwarf-with-dsym";
				ENABLE_NS_ASSERTIONS = NO;
				ENABLE_STRICT_OBJC_MSGSEND = YES;
				GCC_C_LANGUAGE_STANDARD = gnu11;
				GCC_NO_COMMON_BLOCKS = YES;
				GCC_WARN_64_TO_32_BIT_CONVERSION = YES;
				GCC_WARN_ABOUT_RETURN_TYPE = YES_ERROR;
				GCC_WARN_UNDECLARED_SELECTOR = YES;
				GCC_WARN_UNINITIALIZED_AUTOS = YES_AGGRESSIVE;
				GCC_WARN_UNUSED_FUNCTION = YES;
				GCC_WARN_UNUSED_VARIABLE = YES;
				IPHONEOS_DEPLOYMENT_TARGET = 12.1;
				MTL_ENABLE_DEBUG_INFO = NO;
				MTL_FAST_MATH = YES;
				SDKROOT = iphoneos;
				SWIFT_COMPILATION_MODE = wholemodule;
				SWIFT_OPTIMIZATION_LEVEL = "-O";
				VALIDATE_PRODUCT = YES;
			};
			name = Release;
		};
		12E6BD132358A02100DCF91C /* Debug */ = {
			isa = XCBuildConfiguration;
			buildSettings = {
				ASSETCATALOG_COMPILER_APPICON_NAME = AppIcon;
				CODE_SIGN_STYLE = Automatic;
				DEVELOPMENT_TEAM = GY259TWT8G;
				INFOPLIST_FILE = GitHubApp/Info.plist;
				LD_RUNPATH_SEARCH_PATHS = (
					"$(inherited)",
					"@executable_path/Frameworks",
				);
				PRODUCT_BUNDLE_IDENTIFIER = Tianid.GitHubApp;
				PRODUCT_NAME = "$(TARGET_NAME)";
				SWIFT_VERSION = 5.0;
				TARGETED_DEVICE_FAMILY = "1,2";
			};
			name = Debug;
		};
		12E6BD142358A02100DCF91C /* Release */ = {
			isa = XCBuildConfiguration;
			buildSettings = {
				ASSETCATALOG_COMPILER_APPICON_NAME = AppIcon;
				CODE_SIGN_STYLE = Automatic;
				DEVELOPMENT_TEAM = GY259TWT8G;
				INFOPLIST_FILE = GitHubApp/Info.plist;
				LD_RUNPATH_SEARCH_PATHS = (
					"$(inherited)",
					"@executable_path/Frameworks",
				);
				PRODUCT_BUNDLE_IDENTIFIER = Tianid.GitHubApp;
				PRODUCT_NAME = "$(TARGET_NAME)";
				SWIFT_VERSION = 5.0;
				TARGETED_DEVICE_FAMILY = "1,2";
			};
			name = Release;
		};
/* End XCBuildConfiguration section */

/* Begin XCConfigurationList section */
		12E6BCF92358A01D00DCF91C /* Build configuration list for PBXProject "GitHubApp" */ = {
			isa = XCConfigurationList;
			buildConfigurations = (
				12E6BD102358A02100DCF91C /* Debug */,
				12E6BD112358A02100DCF91C /* Release */,
			);
			defaultConfigurationIsVisible = 0;
			defaultConfigurationName = Release;
		};
		12E6BD122358A02100DCF91C /* Build configuration list for PBXNativeTarget "GitHubApp" */ = {
			isa = XCConfigurationList;
			buildConfigurations = (
				12E6BD132358A02100DCF91C /* Debug */,
				12E6BD142358A02100DCF91C /* Release */,
			);
			defaultConfigurationIsVisible = 0;
			defaultConfigurationName = Release;
		};
/* End XCConfigurationList section */
	};
	rootObject = 12E6BCF62358A01D00DCF91C /* Project object */;
}
